Microsoft Visual Studio Solution File, Format Version 12.00
# Visual Studio Version 17
VisualStudioVersion = 17.10.34916.146
MinimumVisualStudioVersion = 10.0.40219.1
Project("{FAE04EC0-301F-11D3-BF4B-00C04F79EFBC}") = "11-part-1", "11-part-1.csproj", "{70858123-F9DB-425D-9FBB-8F24EBA22E7C}"
EndProject
Global
	GlobalSection(SolutionConfigurationPlatforms) = preSolution
		Debug|Any CPU = Debug|Any CPU
		Release|Any CPU = Release|Any CPU
	EndGlobalSection
	GlobalSection(ProjectConfigurationPlatforms) = postSolution
		{70858123-F9DB-425D-9FBB-8F24EBA22E7C}.Debug|Any CPU.ActiveCfg = Debug|Any CPU
		{70858123-F9DB-425D-9FBB-8F24EBA22E7C}.Debug|Any CPU.Build.0 = Debug|Any CPU
		{70858123-F9DB-425D-9FBB-8F24EBA22E7C}.Release|Any CPU.ActiveCfg = Release|Any CPU
		{70858123-F9DB-425D-9FBB-8F24EBA22E7C}.Release|Any CPU.Build.0 = Release|Any CPU
	EndGlobalSection
	GlobalSection(SolutionProperties) = preSolution
		HideSolutionNode = FALSE
	EndGlobalSection
	GlobalSection(ExtensibilityGlobals) = postSolution
		SolutionGuid = {70858123-F9DB-425D-9FBB-8F24EBA22E7C}
	EndGlobalSection
EndGlobal
